
Microsoft Visual Studio Solution File, Format Version 12.00
# Visual Studio 15
VisualStudioVersion = 15.0.27703.2047
MinimumVisualStudioVersion = 10.0.40219.1
Project("{FAE04EC0-301F-11D3-BF4B-00C04F79EFBC}") = "BankSystem", "BankSystem\BankSystem.csproj", "{14232867-98B4-44C9-98B5-36D334D8E76F}"
EndProject
Project("{FAE04EC0-301F-11D3-BF4B-00C04F79EFBC}") = "BankSystem.Test", "BankSystem.Test\BankSystem.Test.csproj", "{80868FD1-B767-4719-9B20-41616D4B5004}"
EndProject
Global
	GlobalSection(SolutionConfigurationPlatforms) = preSolution
		Debug|Any CPU = Debug|Any CPU
		Release|Any CPU = Release|Any CPU
	EndGlobalSection
	GlobalSection(ProjectConfigurationPlatforms) = postSolution
		{14232867-98B4-44C9-98B5-36D334D8E76F}.Debug|Any CPU.ActiveCfg = Debug|Any CPU
		{14232867-98B4-44C9-98B5-36D334D8E76F}.Debug|Any CPU.Build.0 = Debug|Any CPU
		{14232867-98B4-44C9-98B5-36D334D8E76F}.Release|Any CPU.ActiveCfg = Release|Any CPU
		{14232867-98B4-44C9-98B5-36D334D8E76F}.Release|Any CPU.Build.0 = Release|Any CPU
		{80868FD1-B767-4719-9B20-41616D4B5004}.Debug|Any CPU.ActiveCfg = Debug|Any CPU
		{80868FD1-B767-4719-9B20-41616D4B5004}.Debug|Any CPU.Build.0 = Debug|Any CPU
		{80868FD1-B767-4719-9B20-41616D4B5004}.Release|Any CPU.ActiveCfg = Release|Any CPU
		{80868FD1-B767-4719-9B20-41616D4B5004}.Release|Any CPU.Build.0 = Release|Any CPU
	EndGlobalSection
	GlobalSection(SolutionProperties) = preSolution
		HideSolutionNode = FALSE
	EndGlobalSection
	GlobalSection(ExtensibilityGlobals) = postSolution
		SolutionGuid = {EE60139C-5652-4CF7-BEF5-0FB23886517E}
	EndGlobalSection
EndGlobal
